// !$*UTF8*$!
{
	archiveVersion = 1;
	classes = {
	};
	objectVersion = 46;
	objects = {

/* Begin PBXBuildFile section */
		5AF03FCD1F6BBA4500544671 /* main.cpp in Sources */ = {isa = PBXBuildFile; fileRef = 5AF03FCC1F6BBA4500544671 /* main.cpp */; };
		5AF03FD51F6BBA9F00544671 /* Point.cpp in Sources */ = {isa = PBXBuildFile; fileRef = 5AF03FD31F6BBA9F00544671 /* Point.cpp */; };
		5AF03FD81F6BC95100544671 /* LinkedList.cpp in Sources */ = {isa = PBXBuildFile; fileRef = 5AF03FD61F6BC95100544671 /* LinkedList.cpp */; };
		5AF03FDB1F6BDFCB00544671 /* Queue.cpp in Sources */ = {isa = PBXBuildFile; fileRef = 5AF03FD91F6BDFCB00544671 /* Queue.cpp */; };
/* End PBXBuildFile section */

/* Begin PBXCopyFilesBuildPhase section */
		5AF03FC71F6BBA4500544671 /* CopyFiles */ = {
			isa = PBXCopyFilesBuildPhase;
			buildActionMask = 2147483647;
			dstPath = /usr/share/man/man1/;
			dstSubfolderSpec = 0;
			files = (
			);
			runOnlyForDeploymentPostprocessing = 1;
		};
/* End PBXCopyFilesBuildPhase section */

/* Begin PBXFileReference section */
		5AF03FC91F6BBA4500544671 /* 作业1 */ = {isa = PBXFileReference; explicitFileType = "compiled.mach-o.executable"; includeInIndex = 0; path = "作业1"; sourceTree = BUILT_PRODUCTS_DIR; };
		5AF03FCC1F6BBA4500544671 /* main.cpp */ = {isa = PBXFileReference; lastKnownFileType = sourcecode.cpp.cpp; path = main.cpp; sourceTree = "<group>"; };
		5AF03FD31F6BBA9F00544671 /* Point.cpp */ = {isa = PBXFileReference; fileEncoding = 4; lastKnownFileType = sourcecode.cpp.cpp; path = Point.cpp; sourceTree = "<group>"; };
		5AF03FD41F6BBA9F00544671 /* Point.hpp */ = {isa = PBXFileReference; fileEncoding = 4; lastKnownFileType = sourcecode.cpp.h; path = Point.hpp; sourceTree = "<group>"; };
		5AF03FD61F6BC95100544671 /* LinkedList.cpp */ = {isa = PBXFileReference; fileEncoding = 4; lastKnownFileType = sourcecode.cpp.cpp; path = LinkedList.cpp; sourceTree = "<group>"; };
		5AF03FD71F6BC95100544671 /* LinkedList.hpp */ = {isa = PBXFileReference; fileEncoding = 4; lastKnownFileType = sourcecode.cpp.h; path = LinkedList.hpp; sourceTree = "<group>"; };
		5AF03FD91F6BDFCB00544671 /* Queue.cpp */ = {isa = PBXFileReference; fileEncoding = 4; lastKnownFileType = sourcecode.cpp.cpp; path = Queue.cpp; sourceTree = "<group>"; };
		5AF03FDA1F6BDFCB00544671 /* Queue.hpp */ = {isa = PBXFileReference; fileEncoding = 4; lastKnownFileType = sourcecode.cpp.h; path = Queue.hpp; sourceTree = "<group>"; };
/* End PBXFileReference section */

/* Begin PBXFrameworksBuildPhase section */
		5AF03FC61F6BBA4500544671 /* Frameworks */ = {
			isa = PBXFrameworksBuildPhase;
			buildActionMask = 2147483647;
			files = (
			);
			runOnlyForDeploymentPostprocessing = 0;
		};
/* End PBXFrameworksBuildPhase section */

/* Begin PBXGroup section */
		5AF03FC01F6BBA4500544671 = {
			isa = PBXGroup;
			children = (
				5AF03FCB1F6BBA4500544671 /* 作业1 */,
				5AF03FCA1F6BBA4500544671 /* Products */,
			);
			sourceTree = "<group>";
		};
		5AF03FCA1F6BBA4500544671 /* Products */ = {
			isa = PBXGroup;
			children = (
				5AF03FC91F6BBA4500544671 /* 作业1 */,
			);
			name = Products;
			sourceTree = "<group>";
		};
		5AF03FCB1F6BBA4500544671 /* 作业1 */ = {
			isa = PBXGroup;
			children = (
				5AF03FCC1F6BBA4500544671 /* main.cpp */,
				5AF03FD31F6BBA9F00544671 /* Point.cpp */,
				5AF03FD41F6BBA9F00544671 /* Point.hpp */,
				5AF03FD61F6BC95100544671 /* LinkedList.cpp */,
				5AF03FD71F6BC95100544671 /* LinkedList.hpp */,
				5AF03FD91F6BDFCB00544671 /* Queue.cpp */,
				5AF03FDA1F6BDFCB00544671 /* Queue.hpp */,
			);
			path = "作业1";
			sourceTree = "<group>";
		};
/* End PBXGroup section */

/* Begin PBXNativeTarget section */
		5AF03FC81F6BBA4500544671 /* 作业1 */ = {
			isa = PBXNativeTarget;
			buildConfigurationList = 5AF03FD01F6BBA4500544671 /* Build configuration list for PBXNativeTarget "作业1" */;
			buildPhases = (
				5AF03FC51F6BBA4500544671 /* Sources */,
				5AF03FC61F6BBA4500544671 /* Frameworks */,
				5AF03FC71F6BBA4500544671 /* CopyFiles */,
			);
			buildRules = (
			);
			dependencies = (
			);
			name = "作业1";
			productName = "作业1";
			productReference = 5AF03FC91F6BBA4500544671 /* 作业1 */;
			productType = "com.apple.product-type.tool";
		};
/* End PBXNativeTarget section */

/* Begin PBXProject section */
		5AF03FC11F6BBA4500544671 /* Project object */ = {
			isa = PBXProject;
			attributes = {
				LastUpgradeCheck = 0830;
				ORGANIZATIONNAME = "刘驭壬";
				TargetAttributes = {
					5AF03FC81F6BBA4500544671 = {
						CreatedOnToolsVersion = 8.3.3;
						ProvisioningStyle = Automatic;
					};
				};
			};
			buildConfigurationList = 5AF03FC41F6BBA4500544671 /* Build configuration list for PBXProject "作业1" */;
			compatibilityVersion = "Xcode 3.2";
			developmentRegion = English;
			hasScannedForEncodings = 0;
			knownRegions = (
				en,
			);
			mainGroup = 5AF03FC01F6BBA4500544671;
			productRefGroup = 5AF03FCA1F6BBA4500544671 /* Products */;
			projectDirPath = "";
			projectRoot = "";
			targets = (
				5AF03FC81F6BBA4500544671 /* 作业1 */,
			);
		};
/* End PBXProject section */

/* Begin PBXSourcesBuildPhase section */
		5AF03FC51F6BBA4500544671 /* Sources */ = {
			isa = PBXSourcesBuildPhase;
			buildActionMask = 2147483647;
			files = (
				5AF03FD51F6BBA9F00544671 /* Point.cpp in Sources */,
				5AF03FCD1F6BBA4500544671 /* main.cpp in Sources */,
				5AF03FD81F6BC95100544671 /* LinkedList.cpp in Sources */,
				5AF03FDB1F6BDFCB00544671 /* Queue.cpp in Sources */,
			);
			runOnlyForDeploymentPostprocessing = 0;
		};
/* End PBXSourcesBuildPhase section */

/* Begin XCBuildConfiguration section */
		5AF03FCE1F6BBA4500544671 /* Debug */ = {
			isa = XCBuildConfiguration;
			buildSettings = {
				ALWAYS_SEARCH_USER_PATHS = NO;
				CLANG_ANALYZER_NONNULL = YES;
				CLANG_ANALYZER_NUMBER_OBJECT_CONVERSION = YES_AGGRESSIVE;
				CLANG_CXX_LANGUAGE_STANDARD = "gnu++0x";
				CLANG_CXX_LIBRARY = "libc++";
				CLANG_ENABLE_MODULES = YES;
				CLANG_ENABLE_OBJC_ARC = YES;
				CLANG_WARN_BOOL_CONVERSION = YES;
				CLANG_WARN_CONSTANT_CONVERSION = YES;
				CLANG_WARN_DIRECT_OBJC_ISA_USAGE = YES_ERROR;
				CLANG_WARN_DOCUMENTATION_COMMENTS = YES;
				CLANG_WARN_EMPTY_BODY = YES;
				CLANG_WARN_ENUM_CONVERSION = YES;
				CLANG_WARN_INFINITE_RECURSION = YES;
				CLANG_WARN_INT_CONVERSION = YES;
				CLANG_WARN_OBJC_ROOT_CLASS = YES_ERROR;
				CLANG_WARN_SUSPICIOUS_MOVE = YES;
				CLANG_WARN_UNREACHABLE_CODE = YES;
				CLANG_WARN__DUPLICATE_METHOD_MATCH = YES;
				CODE_SIGN_IDENTITY = "-";
				COPY_PHASE_STRIP = NO;
				DEBUG_INFORMATION_FORMAT = dwarf;
				ENABLE_STRICT_OBJC_MSGSEND = YES;
				ENABLE_TESTABILITY = YES;
				GCC_C_LANGUAGE_STANDARD = gnu99;
				GCC_DYNAMIC_NO_PIC = NO;
				GCC_NO_COMMON_BLOCKS = YES;
				GCC_OPTIMIZATION_LEVEL = 0;
				GCC_PREPROCESSOR_DEFINITIONS = (
					"DEBUG=1",
					"$(inherited)",
				);
				GCC_WARN_64_TO_32_BIT_CONVERSION = YES;
				GCC_WARN_ABOUT_RETURN_TYPE = YES_ERROR;
				GCC_WARN_UNDECLARED_SELECTOR = YES;
				GCC_WARN_UNINITIALIZED_AUTOS = YES_AGGRESSIVE;
				GCC_WARN_UNUSED_FUNCTION = YES;
				GCC_WARN_UNUSED_VARIABLE = YES;
				MACOSX_DEPLOYMENT_TARGET = 10.12;
				MTL_ENABLE_DEBUG_INFO = YES;
				ONLY_ACTIVE_ARCH = YES;
				SDKROOT = macosx;
			};
			name = Debug;
		};
		5AF03FCF1F6BBA4500544671 /* Release */ = {
			isa = XCBuildConfiguration;
			buildSettings = {
				ALWAYS_SEARCH_USER_PATHS = NO;
				CLANG_ANALYZER_NONNULL = YES;
				CLANG_ANALYZER_NUMBER_OBJECT_CONVERSION = YES_AGGRESSIVE;
				CLANG_CXX_LANGUAGE_STANDARD = "gnu++0x";
				CLANG_CXX_LIBRARY = "libc++";
				CLANG_ENABLE_MODULES = YES;
				CLANG_ENABLE_OBJC_ARC = YES;
				CLANG_WARN_BOOL_CONVERSION = YES;
				CLANG_WARN_CONSTANT_CONVERSION = YES;
				CLANG_WARN_DIRECT_OBJC_ISA_USAGE = YES_ERROR;
				CLANG_WARN_DOCUMENTATION_COMMENTS = YES;
				CLANG_WARN_EMPTY_BODY = YES;
				CLANG_WARN_ENUM_CONVERSION = YES;
				CLANG_WARN_INFINITE_RECURSION = YES;
				CLANG_WARN_INT_CONVERSION = YES;
				CLANG_WARN_OBJC_ROOT_CLASS = YES_ERROR;
				CLANG_WARN_SUSPICIOUS_MOVE = YES;
				CLANG_WARN_UNREACHABLE_CODE = YES;
				CLANG_WARN__DUPLICATE_METHOD_MATCH = YES;
				CODE_SIGN_IDENTITY = "-";
				COPY_PHASE_STRIP = NO;
				DEBUG_INFORMATION_FORMAT = "dwarf-with-dsym";
				ENABLE_NS_ASSERTIONS = NO;
				ENABLE_STRICT_OBJC_MSGSEND = YES;
				GCC_C_LANGUAGE_STANDARD = gnu99;
				GCC_NO_COMMON_BLOCKS = YES;
				GCC_WARN_64_TO_32_BIT_CONVERSION = YES;
				GCC_WARN_ABOUT_RETURN_TYPE = YES_ERROR;
				GCC_WARN_UNDECLARED_SELECTOR = YES;
				GCC_WARN_UNINITIALIZED_AUTOS = YES_AGGRESSIVE;
				GCC_WARN_UNUSED_FUNCTION = YES;
				GCC_WARN_UNUSED_VARIABLE = YES;
				MACOSX_DEPLOYMENT_TARGET = 10.12;
				MTL_ENABLE_DEBUG_INFO = NO;
				SDKROOT = macosx;
			};
			name = Release;
		};
		5AF03FD11F6BBA4500544671 /* Debug */ = {
			isa = XCBuildConfiguration;
			buildSettings = {
				PRODUCT_NAME = "$(TARGET_NAME)";
			};
			name = Debug;
		};
		5AF03FD21F6BBA4500544671 /* Release */ = {
			isa = XCBuildConfiguration;
			buildSettings = {
				PRODUCT_NAME = "$(TARGET_NAME)";
			};
			name = Release;
		};
/* End XCBuildConfiguration section */

/* Begin XCConfigurationList section */
		5AF03FC41F6BBA4500544671 /* Build configuration list for PBXProject "作业1" */ = {
			isa = XCConfigurationList;
			buildConfigurations = (
				5AF03FCE1F6BBA4500544671 /* Debug */,
				5AF03FCF1F6BBA4500544671 /* Release */,
			);
			defaultConfigurationIsVisible = 0;
			defaultConfigurationName = Release;
		};
		5AF03FD01F6BBA4500544671 /* Build configuration list for PBXNativeTarget "作业1" */ = {
			isa = XCConfigurationList;
			buildConfigurations = (
				5AF03FD11F6BBA4500544671 /* Debug */,
				5AF03FD21F6BBA4500544671 /* Release */,
			);
			defaultConfigurationIsVisible = 0;
		};
/* End XCConfigurationList section */
	};
	rootObject = 5AF03FC11F6BBA4500544671 /* Project object */;
}
